
Microsoft Visual Studio Solution File, Format Version 12.00
# Visual Studio Version 16
VisualStudioVersion = 16.0.29424.173
MinimumVisualStudioVersion = 10.0.40219.1
Project("{FAE04EC0-301F-11D3-BF4B-00C04F79EFBC}") = "BanhTrangMam", "BanhTrangMam\BanhTrangMam.csproj", "{0913FA23-1B3A-41EF-A036-4D0D82796A20}"
EndProject
Global
	GlobalSection(SolutionConfigurationPlatforms) = preSolution
		Debug|Any CPU = Debug|Any CPU
		Release|Any CPU = Release|Any CPU
	EndGlobalSection
	GlobalSection(ProjectConfigurationPlatforms) = postSolution
		{0913FA23-1B3A-41EF-A036-4D0D82796A20}.Debug|Any CPU.ActiveCfg = Debug|Any CPU
		{0913FA23-1B3A-41EF-A036-4D0D82796A20}.Debug|Any CPU.Build.0 = Debug|Any CPU
		{0913FA23-1B3A-41EF-A036-4D0D82796A20}.Release|Any CPU.ActiveCfg = Release|Any CPU
		{0913FA23-1B3A-41EF-A036-4D0D82796A20}.Release|Any CPU.Build.0 = Release|Any CPU
	EndGlobalSection
	GlobalSection(SolutionProperties) = preSolution
		HideSolutionNode = FALSE
	EndGlobalSection
	GlobalSection(ExtensibilityGlobals) = postSolution
		SolutionGuid = {80BF8BFD-0BFF-44C2-BB77-C2BE0839FDE2}
	EndGlobalSection
EndGlobal
